
Microsoft Visual Studio Solution File, Format Version 12.00
# Visual Studio 15
VisualStudioVersion = 15.0.27004.2006
MinimumVisualStudioVersion = 10.0.40219.1
Project("{FAE04EC0-301F-11D3-BF4B-00C04F79EFBC}") = "NewFailure.Android", "NewFailure\NewFailure.Android\NewFailure.Android.csproj", "{899680F6-9342-42D7-BA44-5B005DF7BC18}"
EndProject
Project("{FAE04EC0-301F-11D3-BF4B-00C04F79EFBC}") = "NewFailure", "NewFailure\NewFailure\NewFailure.csproj", "{5F25F51B-9F04-425D-A2FD-FD9A4345DBFD}"
EndProject
Project("{FAE04EC0-301F-11D3-BF4B-00C04F79EFBC}") = "NewFailure.UWP", "NewFailure\NewFailure.UWP\NewFailure.UWP.csproj", "{E529E675-4AAD-41B3-8270-194930589D99}"
EndProject
Project("{FAE04EC0-301F-11D3-BF4B-00C04F79EFBC}") = "NewFailure.iOS", "NewFailure\NewFailure.iOS\NewFailure.iOS.csproj", "{1F054C7E-8522-4192-AF4E-65BE9D8E61BF}"
EndProject
Global
	GlobalSection(SolutionConfigurationPlatforms) = preSolution
		Ad-Hoc|Any CPU = Ad-Hoc|Any CPU
		Ad-Hoc|ARM = Ad-Hoc|ARM
		Ad-Hoc|iPhone = Ad-Hoc|iPhone
		Ad-Hoc|iPhoneSimulator = Ad-Hoc|iPhoneSimulator
		Ad-Hoc|x64 = Ad-Hoc|x64
		Ad-Hoc|x86 = Ad-Hoc|x86
		AppStore|Any CPU = AppStore|Any CPU
		AppStore|ARM = AppStore|ARM
		AppStore|iPhone = AppStore|iPhone
		AppStore|iPhoneSimulator = AppStore|iPhoneSimulator
		AppStore|x64 = AppStore|x64
		AppStore|x86 = AppStore|x86
		Debug|Any CPU = Debug|Any CPU
		Debug|ARM = Debug|ARM
		Debug|iPhone = Debug|iPhone
		Debug|iPhoneSimulator = Debug|iPhoneSimulator
		Debug|x64 = Debug|x64
		Debug|x86 = Debug|x86
		Release|Any CPU = Release|Any CPU
		Release|ARM = Release|ARM
		Release|iPhone = Release|iPhone
		Release|iPhoneSimulator = Release|iPhoneSimulator
		Release|x64 = Release|x64
		Release|x86 = Release|x86
	EndGlobalSection
	GlobalSection(ProjectConfigurationPlatforms) = postSolution
		{899680F6-9342-42D7-BA44-5B005DF7BC18}.Ad-Hoc|Any CPU.ActiveCfg = Release|Any CPU
		{899680F6-9342-42D7-BA44-5B005DF7BC18}.Ad-Hoc|Any CPU.Build.0 = Release|Any CPU
		{899680F6-9342-42D7-BA44-5B005DF7BC18}.Ad-Hoc|Any CPU.Deploy.0 = Release|Any CPU
		{899680F6-9342-42D7-BA44-5B005DF7BC18}.Ad-Hoc|ARM.ActiveCfg = Release|Any CPU
		{899680F6-9342-42D7-BA44-5B005DF7BC18}.Ad-Hoc|ARM.Build.0 = Release|Any CPU
		{899680F6-9342-42D7-BA44-5B005DF7BC18}.Ad-Hoc|ARM.Deploy.0 = Release|Any CPU
		{899680F6-9342-42D7-BA44-5B005DF7BC18}.Ad-Hoc|iPhone.ActiveCfg = Release|Any CPU
		{899680F6-9342-42D7-BA44-5B005DF7BC18}.Ad-Hoc|iPhone.Build.0 = Release|Any CPU
		{899680F6-9342-42D7-BA44-5B005DF7BC18}.Ad-Hoc|iPhone.Deploy.0 = Release|Any CPU
		{899680F6-9342-42D7-BA44-5B005DF7BC18}.Ad-Hoc|iPhoneSimulator.ActiveCfg = Release|Any CPU
		{899680F6-9342-42D7-BA44-5B005DF7BC18}.Ad-Hoc|iPhoneSimulator.Build.0 = Release|Any CPU
		{899680F6-9342-42D7-BA44-5B005DF7BC18}.Ad-Hoc|iPhoneSimulator.Deploy.0 = Release|Any CPU
		{899680F6-9342-42D7-BA44-5B005DF7BC18}.Ad-Hoc|x64.ActiveCfg = Release|Any CPU
		{899680F6-9342-42D7-BA44-5B005DF7BC18}.Ad-Hoc|x64.Build.0 = Release|Any CPU
		{899680F6-9342-42D7-BA44-5B005DF7BC18}.Ad-Hoc|x64.Deploy.0 = Release|Any CPU
		{899680F6-9342-42D7-BA44-5B005DF7BC18}.Ad-Hoc|x86.ActiveCfg = Release|Any CPU
		{899680F6-9342-42D7-BA44-5B005DF7BC18}.Ad-Hoc|x86.Build.0 = Release|Any CPU
		{899680F6-9342-42D7-BA44-5B005DF7BC18}.Ad-Hoc|x86.Deploy.0 = Release|Any CPU
		{899680F6-9342-42D7-BA44-5B005DF7BC18}.AppStore|Any CPU.ActiveCfg = Release|Any CPU
		{899680F6-9342-42D7-BA44-5B005DF7BC18}.AppStore|Any CPU.Build.0 = Release|Any CPU
		{899680F6-9342-42D7-BA44-5B005DF7BC18}.AppStore|Any CPU.Deploy.0 = Release|Any CPU
		{899680F6-9342-42D7-BA44-5B005DF7BC18}.AppStore|ARM.ActiveCfg = Release|Any CPU
		{899680F6-9342-42D7-BA44-5B005DF7BC18}.AppStore|ARM.Build.0 = Release|Any CPU
		{899680F6-9342-42D7-BA44-5B005DF7BC18}.AppStore|ARM.Deploy.0 = Release|Any CPU
		{899680F6-9342-42D7-BA44-5B005DF7BC18}.AppStore|iPhone.ActiveCfg = Release|Any CPU
		{899680F6-9342-42D7-BA44-5B005DF7BC18}.AppStore|iPhone.Build.0 = Release|Any CPU
		{899680F6-9342-42D7-BA44-5B005DF7BC18}.AppStore|iPhone.Deploy.0 = Release|Any CPU
		{899680F6-9342-42D7-BA44-5B005DF7BC18}.AppStore|iPhoneSimulator.ActiveCfg = Release|Any CPU
		{899680F6-9342-42D7-BA44-5B005DF7BC18}.AppStore|iPhoneSimulator.Build.0 = Release|Any CPU
		{899680F6-9342-42D7-BA44-5B005DF7BC18}.AppStore|iPhoneSimulator.Deploy.0 = Release|Any CPU
		{899680F6-9342-42D7-BA44-5B005DF7BC18}.AppStore|x64.ActiveCfg = Release|Any CPU
		{899680F6-9342-42D7-BA44-5B005DF7BC18}.AppStore|x64.Build.0 = Release|Any CPU
		{899680F6-9342-42D7-BA44-5B005DF7BC18}.AppStore|x64.Deploy.0 = Release|Any CPU
		{899680F6-9342-42D7-BA44-5B005DF7BC18}.AppStore|x86.ActiveCfg = Release|Any CPU
		{899680F6-9342-42D7-BA44-5B005DF7BC18}.AppStore|x86.Build.0 = Release|Any CPU
		{899680F6-9342-42D7-BA44-5B005DF7BC18}.AppStore|x86.Deploy.0 = Release|Any CPU
		{899680F6-9342-42D7-BA44-5B005DF7BC18}.Debug|Any CPU.ActiveCfg = Debug|Any CPU
		{899680F6-9342-42D7-BA44-5B005DF7BC18}.Debug|Any CPU.Build.0 = Debug|Any CPU
		{899680F6-9342-42D7-BA44-5B005DF7BC18}.Debug|Any CPU.Deploy.0 = Debug|Any CPU
		{899680F6-9342-42D7-BA44-5B005DF7BC18}.Debug|ARM.ActiveCfg = Debug|Any CPU
		{899680F6-9342-42D7-BA44-5B005DF7BC18}.Debug|ARM.Build.0 = Debug|Any CPU
		{899680F6-9342-42D7-BA44-5B005DF7BC18}.Debug|ARM.Deploy.0 = Debug|Any CPU
		{899680F6-9342-42D7-BA44-5B005DF7BC18}.Debug|iPhone.ActiveCfg = Debug|Any CPU
		{899680F6-9342-42D7-BA44-5B005DF7BC18}.Debug|iPhone.Build.0 = Debug|Any CPU
		{899680F6-9342-42D7-BA44-5B005DF7BC18}.Debug|iPhone.Deploy.0 = Debug|Any CPU
		{899680F6-9342-42D7-BA44-5B005DF7BC18}.Debug|iPhoneSimulator.ActiveCfg = Debug|Any CPU
		{899680F6-9342-42D7-BA44-5B005DF7BC18}.Debug|iPhoneSimulator.Build.0 = Debug|Any CPU
		{899680F6-9342-42D7-BA44-5B005DF7BC18}.Debug|iPhoneSimulator.Deploy.0 = Debug|Any CPU
		{899680F6-9342-42D7-BA44-5B005DF7BC18}.Debug|x64.ActiveCfg = Debug|Any CPU
		{899680F6-9342-42D7-BA44-5B005DF7BC18}.Debug|x64.Build.0 = Debug|Any CPU
		{899680F6-9342-42D7-BA44-5B005DF7BC18}.Debug|x64.Deploy.0 = Debug|Any CPU
		{899680F6-9342-42D7-BA44-5B005DF7BC18}.Debug|x86.ActiveCfg = Debug|Any CPU
		{899680F6-9342-42D7-BA44-5B005DF7BC18}.Debug|x86.Build.0 = Debug|Any CPU
		{899680F6-9342-42D7-BA44-5B005DF7BC18}.Debug|x86.Deploy.0 = Debug|Any CPU
		{899680F6-9342-42D7-BA44-5B005DF7BC18}.Release|Any CPU.ActiveCfg = Release|Any CPU
		{899680F6-9342-42D7-BA44-5B005DF7BC18}.Release|Any CPU.Build.0 = Release|Any CPU
		{899680F6-9342-42D7-BA44-5B005DF7BC18}.Release|Any CPU.Deploy.0 = Release|Any CPU
		{899680F6-9342-42D7-BA44-5B005DF7BC18}.Release|ARM.ActiveCfg = Release|Any CPU
		{899680F6-9342-42D7-BA44-5B005DF7BC18}.Release|ARM.Build.0 = Release|Any CPU
		{899680F6-9342-42D7-BA44-5B005DF7BC18}.Release|ARM.Deploy.0 = Release|Any CPU
		{899680F6-9342-42D7-BA44-5B005DF7BC18}.Release|iPhone.ActiveCfg = Release|Any CPU
		{899680F6-9342-42D7-BA44-5B005DF7BC18}.Release|iPhone.Build.0 = Release|Any CPU
		{899680F6-9342-42D7-BA44-5B005DF7BC18}.Release|iPhone.Deploy.0 = Release|Any CPU
		{899680F6-9342-42D7-BA44-5B005DF7BC18}.Release|iPhoneSimulator.ActiveCfg = Release|Any CPU
		{899680F6-9342-42D7-BA44-5B005DF7BC18}.Release|iPhoneSimulator.Build.0 = Release|Any CPU
		{899680F6-9342-42D7-BA44-5B005DF7BC18}.Release|iPhoneSimulator.Deploy.0 = Release|Any CPU
		{899680F6-9342-42D7-BA44-5B005DF7BC18}.Release|x64.ActiveCfg = Release|Any CPU
		{899680F6-9342-42D7-BA44-5B005DF7BC18}.Release|x64.Build.0 = Release|Any CPU
		{899680F6-9342-42D7-BA44-5B005DF7BC18}.Release|x64.Deploy.0 = Release|Any CPU
		{899680F6-9342-42D7-BA44-5B005DF7BC18}.Release|x86.ActiveCfg = Release|Any CPU
		{899680F6-9342-42D7-BA44-5B005DF7BC18}.Release|x86.Build.0 = Release|Any CPU
		{899680F6-9342-42D7-BA44-5B005DF7BC18}.Release|x86.Deploy.0 = Release|Any CPU
		{5F25F51B-9F04-425D-A2FD-FD9A4345DBFD}.Ad-Hoc|Any CPU.ActiveCfg = Release|Any CPU
		{5F25F51B-9F04-425D-A2FD-FD9A4345DBFD}.Ad-Hoc|Any CPU.Build.0 = Release|Any CPU
		{5F25F51B-9F04-425D-A2FD-FD9A4345DBFD}.Ad-Hoc|ARM.ActiveCfg = Release|Any CPU
		{5F25F51B-9F04-425D-A2FD-FD9A4345DBFD}.Ad-Hoc|ARM.Build.0 = Release|Any CPU
		{5F25F51B-9F04-425D-A2FD-FD9A4345DBFD}.Ad-Hoc|iPhone.ActiveCfg = Release|Any CPU
		{5F25F51B-9F04-425D-A2FD-FD9A4345DBFD}.Ad-Hoc|iPhone.Build.0 = Release|Any CPU
		{5F25F51B-9F04-425D-A2FD-FD9A4345DBFD}.Ad-Hoc|iPhoneSimulator.ActiveCfg = Release|Any CPU
		{5F25F51B-9F04-425D-A2FD-FD9A4345DBFD}.Ad-Hoc|iPhoneSimulator.Build.0 = Release|Any CPU
		{5F25F51B-9F04-425D-A2FD-FD9A4345DBFD}.Ad-Hoc|x64.ActiveCfg = Release|Any CPU
		{5F25F51B-9F04-425D-A2FD-FD9A4345DBFD}.Ad-Hoc|x64.Build.0 = Release|Any CPU
		{5F25F51B-9F04-425D-A2FD-FD9A4345DBFD}.Ad-Hoc|x86.ActiveCfg = Release|Any CPU
		{5F25F51B-9F04-425D-A2FD-FD9A4345DBFD}.Ad-Hoc|x86.Build.0 = Release|Any CPU
		{5F25F51B-9F04-425D-A2FD-FD9A4345DBFD}.AppStore|Any CPU.ActiveCfg = Release|Any CPU
		{5F25F51B-9F04-425D-A2FD-FD9A4345DBFD}.AppStore|Any CPU.Build.0 = Release|Any CPU
		{5F25F51B-9F04-425D-A2FD-FD9A4345DBFD}.AppStore|ARM.ActiveCfg = Release|Any CPU
		{5F25F51B-9F04-425D-A2FD-FD9A4345DBFD}.AppStore|ARM.Build.0 = Release|Any CPU
		{5F25F51B-9F04-425D-A2FD-FD9A4345DBFD}.AppStore|iPhone.ActiveCfg = Release|Any CPU
		{5F25F51B-9F04-425D-A2FD-FD9A4345DBFD}.AppStore|iPhone.Build.0 = Release|Any CPU
		{5F25F51B-9F04-425D-A2FD-FD9A4345DBFD}.AppStore|iPhoneSimulator.ActiveCfg = Release|Any CPU
		{5F25F51B-9F04-425D-A2FD-FD9A4345DBFD}.AppStore|iPhoneSimulator.Build.0 = Release|Any CPU
		{5F25F51B-9F04-425D-A2FD-FD9A4345DBFD}.AppStore|x64.ActiveCfg = Release|Any CPU
		{5F25F51B-9F04-425D-A2FD-FD9A4345DBFD}.AppStore|x64.Build.0 = Release|Any CPU
		{5F25F51B-9F04-425D-A2FD-FD9A4345DBFD}.AppStore|x86.ActiveCfg = Release|Any CPU
		{5F25F51B-9F04-425D-A2FD-FD9A4345DBFD}.AppStore|x86.Build.0 = Release|Any CPU
		{5F25F51B-9F04-425D-A2FD-FD9A4345DBFD}.Debug|Any CPU.ActiveCfg = Debug|Any CPU
		{5F25F51B-9F04-425D-A2FD-FD9A4345DBFD}.Debug|Any CPU.Build.0 = Debug|Any CPU
		{5F25F51B-9F04-425D-A2FD-FD9A4345DBFD}.Debug|ARM.ActiveCfg = Debug|Any CPU
		{5F25F51B-9F04-425D-A2FD-FD9A4345DBFD}.Debug|ARM.Build.0 = Debug|Any CPU
		{5F25F51B-9F04-425D-A2FD-FD9A4345DBFD}.Debug|iPhone.ActiveCfg = Debug|Any CPU
		{5F25F51B-9F04-425D-A2FD-FD9A4345DBFD}.Debug|iPhone.Build.0 = Debug|Any CPU
		{5F25F51B-9F04-425D-A2FD-FD9A4345DBFD}.Debug|iPhoneSimulator.ActiveCfg = Debug|Any CPU
		{5F25F51B-9F04-425D-A2FD-FD9A4345DBFD}.Debug|iPhoneSimulator.Build.0 = Debug|Any CPU
		{5F25F51B-9F04-425D-A2FD-FD9A4345DBFD}.Debug|x64.ActiveCfg = Debug|Any CPU
		{5F25F51B-9F04-425D-A2FD-FD9A4345DBFD}.Debug|x64.Build.0 = Debug|Any CPU
		{5F25F51B-9F04-425D-A2FD-FD9A4345DBFD}.Debug|x86.ActiveCfg = Debug|Any CPU
		{5F25F51B-9F04-425D-A2FD-FD9A4345DBFD}.Debug|x86.Build.0 = Debug|Any CPU
		{5F25F51B-9F04-425D-A2FD-FD9A4345DBFD}.Release|Any CPU.ActiveCfg = Release|Any CPU
		{5F25F51B-9F04-425D-A2FD-FD9A4345DBFD}.Release|Any CPU.Build.0 = Release|Any CPU
		{5F25F51B-9F04-425D-A2FD-FD9A4345DBFD}.Release|ARM.ActiveCfg = Release|Any CPU
		{5F25F51B-9F04-425D-A2FD-FD9A4345DBFD}.Release|ARM.Build.0 = Release|Any CPU
		{5F25F51B-9F04-425D-A2FD-FD9A4345DBFD}.Release|iPhone.ActiveCfg = Release|Any CPU
		{5F25F51B-9F04-425D-A2FD-FD9A4345DBFD}.Release|iPhone.Build.0 = Release|Any CPU
		{5F25F51B-9F04-425D-A2FD-FD9A4345DBFD}.Release|iPhoneSimulator.ActiveCfg = Release|Any CPU
		{5F25F51B-9F04-425D-A2FD-FD9A4345DBFD}.Release|iPhoneSimulator.Build.0 = Release|Any CPU
		{5F25F51B-9F04-425D-A2FD-FD9A4345DBFD}.Release|x64.ActiveCfg = Release|Any CPU
		{5F25F51B-9F04-425D-A2FD-FD9A4345DBFD}.Release|x64.Build.0 = Release|Any CPU
		{5F25F51B-9F04-425D-A2FD-FD9A4345DBFD}.Release|x86.ActiveCfg = Release|Any CPU
		{5F25F51B-9F04-425D-A2FD-FD9A4345DBFD}.Release|x86.Build.0 = Release|Any CPU
		{E529E675-4AAD-41B3-8270-194930589D99}.Ad-Hoc|Any CPU.ActiveCfg = Release|x86
		{E529E675-4AAD-41B3-8270-194930589D99}.Ad-Hoc|Any CPU.Build.0 = Release|x86
		{E529E675-4AAD-41B3-8270-194930589D99}.Ad-Hoc|Any CPU.Deploy.0 = Release|x86
		{E529E675-4AAD-41B3-8270-194930589D99}.Ad-Hoc|ARM.ActiveCfg = Release|ARM
		{E529E675-4AAD-41B3-8270-194930589D99}.Ad-Hoc|ARM.Build.0 = Release|ARM
		{E529E675-4AAD-41B3-8270-194930589D99}.Ad-Hoc|ARM.Deploy.0 = Release|ARM
		{E529E675-4AAD-41B3-8270-194930589D99}.Ad-Hoc|iPhone.ActiveCfg = Release|x86
		{E529E675-4AAD-41B3-8270-194930589D99}.Ad-Hoc|iPhone.Build.0 = Release|x86
		{E529E675-4AAD-41B3-8270-194930589D99}.Ad-Hoc|iPhone.Deploy.0 = Release|x86
		{E529E675-4AAD-41B3-8270-194930589D99}.Ad-Hoc|iPhoneSimulator.ActiveCfg = Release|x86
		{E529E675-4AAD-41B3-8270-194930589D99}.Ad-Hoc|iPhoneSimulator.Build.0 = Release|x86
		{E529E675-4AAD-41B3-8270-194930589D99}.Ad-Hoc|iPhoneSimulator.Deploy.0 = Release|x86
		{E529E675-4AAD-41B3-8270-194930589D99}.Ad-Hoc|x64.ActiveCfg = Release|x64
		{E529E675-4AAD-41B3-8270-194930589D99}.Ad-Hoc|x64.Build.0 = Release|x64
		{E529E675-4AAD-41B3-8270-194930589D99}.Ad-Hoc|x64.Deploy.0 = Release|x64
		{E529E675-4AAD-41B3-8270-194930589D99}.Ad-Hoc|x86.ActiveCfg = Release|x86
		{E529E675-4AAD-41B3-8270-194930589D99}.Ad-Hoc|x86.Build.0 = Release|x86
		{E529E675-4AAD-41B3-8270-194930589D99}.Ad-Hoc|x86.Deploy.0 = Release|x86
		{E529E675-4AAD-41B3-8270-194930589D99}.AppStore|Any CPU.ActiveCfg = Release|x86
		{E529E675-4AAD-41B3-8270-194930589D99}.AppStore|Any CPU.Build.0 = Release|x86
		{E529E675-4AAD-41B3-8270-194930589D99}.AppStore|Any CPU.Deploy.0 = Release|x86
		{E529E675-4AAD-41B3-8270-194930589D99}.AppStore|ARM.ActiveCfg = Release|ARM
		{E529E675-4AAD-41B3-8270-194930589D99}.AppStore|ARM.Build.0 = Release|ARM
		{E529E675-4AAD-41B3-8270-194930589D99}.AppStore|ARM.Deploy.0 = Release|ARM
		{E529E675-4AAD-41B3-8270-194930589D99}.AppStore|iPhone.ActiveCfg = Release|x86
		{E529E675-4AAD-41B3-8270-194930589D99}.AppStore|iPhone.Build.0 = Release|x86
		{E529E675-4AAD-41B3-8270-194930589D99}.AppStore|iPhone.Deploy.0 = Release|x86
		{E529E675-4AAD-41B3-8270-194930589D99}.AppStore|iPhoneSimulator.ActiveCfg = Release|x86
		{E529E675-4AAD-41B3-8270-194930589D99}.AppStore|iPhoneSimulator.Build.0 = Release|x86
		{E529E675-4AAD-41B3-8270-194930589D99}.AppStore|iPhoneSimulator.Deploy.0 = Release|x86
		{E529E675-4AAD-41B3-8270-194930589D99}.AppStore|x64.ActiveCfg = Release|x64
		{E529E675-4AAD-41B3-8270-194930589D99}.AppStore|x64.Build.0 = Release|x64
		{E529E675-4AAD-41B3-8270-194930589D99}.AppStore|x64.Deploy.0 = Release|x64
		{E529E675-4AAD-41B3-8270-194930589D99}.AppStore|x86.ActiveCfg = Release|x86
		{E529E675-4AAD-41B3-8270-194930589D99}.AppStore|x86.Build.0 = Release|x86
		{E529E675-4AAD-41B3-8270-194930589D99}.AppStore|x86.Deploy.0 = Release|x86
		{E529E675-4AAD-41B3-8270-194930589D99}.Debug|Any CPU.ActiveCfg = Debug|x86
		{E529E675-4AAD-41B3-8270-194930589D99}.Debug|ARM.ActiveCfg = Debug|ARM
		{E529E675-4AAD-41B3-8270-194930589D99}.Debug|ARM.Build.0 = Debug|ARM
		{E529E675-4AAD-41B3-8270-194930589D99}.Debug|ARM.Deploy.0 = Debug|ARM
		{E529E675-4AAD-41B3-8270-194930589D99}.Debug|iPhone.ActiveCfg = Debug|x86
		{E529E675-4AAD-41B3-8270-194930589D99}.Debug|iPhoneSimulator.ActiveCfg = Debug|x86
		{E529E675-4AAD-41B3-8270-194930589D99}.Debug|x64.ActiveCfg = Debug|x64
		{E529E675-4AAD-41B3-8270-194930589D99}.Debug|x64.Build.0 = Debug|x64
		{E529E675-4AAD-41B3-8270-194930589D99}.Debug|x64.Deploy.0 = Debug|x64
		{E529E675-4AAD-41B3-8270-194930589D99}.Debug|x86.ActiveCfg = Debug|x86
		{E529E675-4AAD-41B3-8270-194930589D99}.Debug|x86.Build.0 = Debug|x86
		{E529E675-4AAD-41B3-8270-194930589D99}.Debug|x86.Deploy.0 = Debug|x86
		{E529E675-4AAD-41B3-8270-194930589D99}.Release|Any CPU.ActiveCfg = Release|x86
		{E529E675-4AAD-41B3-8270-194930589D99}.Release|ARM.ActiveCfg = Release|ARM
		{E529E675-4AAD-41B3-8270-194930589D99}.Release|ARM.Build.0 = Release|ARM
		{E529E675-4AAD-41B3-8270-194930589D99}.Release|ARM.Deploy.0 = Release|ARM
		{E529E675-4AAD-41B3-8270-194930589D99}.Release|iPhone.ActiveCfg = Release|x86
		{E529E675-4AAD-41B3-8270-194930589D99}.Release|iPhoneSimulator.ActiveCfg = Release|x86
		{E529E675-4AAD-41B3-8270-194930589D99}.Release|x64.ActiveCfg = Release|x64
		{E529E675-4AAD-41B3-8270-194930589D99}.Release|x64.Build.0 = Release|x64
		{E529E675-4AAD-41B3-8270-194930589D99}.Release|x64.Deploy.0 = Release|x64
		{E529E675-4AAD-41B3-8270-194930589D99}.Release|x86.ActiveCfg = Release|x86
		{E529E675-4AAD-41B3-8270-194930589D99}.Release|x86.Build.0 = Release|x86
		{E529E675-4AAD-41B3-8270-194930589D99}.Release|x86.Deploy.0 = Release|x86
		{1F054C7E-8522-4192-AF4E-65BE9D8E61BF}.Ad-Hoc|Any CPU.ActiveCfg = Ad-Hoc|iPhoneSimulator
		{1F054C7E-8522-4192-AF4E-65BE9D8E61BF}.Ad-Hoc|ARM.ActiveCfg = Ad-Hoc|iPhone
		{1F054C7E-8522-4192-AF4E-65BE9D8E61BF}.Ad-Hoc|iPhone.ActiveCfg = Ad-Hoc|iPhone
		{1F054C7E-8522-4192-AF4E-65BE9D8E61BF}.Ad-Hoc|iPhone.Build.0 = Ad-Hoc|iPhone
		{1F054C7E-8522-4192-AF4E-65BE9D8E61BF}.Ad-Hoc|iPhoneSimulator.ActiveCfg = Ad-Hoc|iPhoneSimulator
		{1F054C7E-8522-4192-AF4E-65BE9D8E61BF}.Ad-Hoc|iPhoneSimulator.Build.0 = Ad-Hoc|iPhoneSimulator
		{1F054C7E-8522-4192-AF4E-65BE9D8E61BF}.Ad-Hoc|x64.ActiveCfg = Ad-Hoc|iPhone
		{1F054C7E-8522-4192-AF4E-65BE9D8E61BF}.Ad-Hoc|x86.ActiveCfg = Ad-Hoc|iPhone
		{1F054C7E-8522-4192-AF4E-65BE9D8E61BF}.AppStore|Any CPU.ActiveCfg = AppStore|iPhoneSimulator
		{1F054C7E-8522-4192-AF4E-65BE9D8E61BF}.AppStore|ARM.ActiveCfg = AppStore|iPhone
		{1F054C7E-8522-4192-AF4E-65BE9D8E61BF}.AppStore|iPhone.ActiveCfg = AppStore|iPhone
		{1F054C7E-8522-4192-AF4E-65BE9D8E61BF}.AppStore|iPhone.Build.0 = AppStore|iPhone
		{1F054C7E-8522-4192-AF4E-65BE9D8E61BF}.AppStore|iPhoneSimulator.ActiveCfg = AppStore|iPhoneSimulator
		{1F054C7E-8522-4192-AF4E-65BE9D8E61BF}.AppStore|iPhoneSimulator.Build.0 = AppStore|iPhoneSimulator
		{1F054C7E-8522-4192-AF4E-65BE9D8E61BF}.AppStore|x64.ActiveCfg = AppStore|iPhone
		{1F054C7E-8522-4192-AF4E-65BE9D8E61BF}.AppStore|x86.ActiveCfg = AppStore|iPhone
		{1F054C7E-8522-4192-AF4E-65BE9D8E61BF}.Debug|Any CPU.ActiveCfg = Debug|iPhoneSimulator
		{1F054C7E-8522-4192-AF4E-65BE9D8E61BF}.Debug|ARM.ActiveCfg = Debug|iPhone
		{1F054C7E-8522-4192-AF4E-65BE9D8E61BF}.Debug|iPhone.ActiveCfg = Debug|iPhone
		{1F054C7E-8522-4192-AF4E-65BE9D8E61BF}.Debug|iPhone.Build.0 = Debug|iPhone
		{1F054C7E-8522-4192-AF4E-65BE9D8E61BF}.Debug|iPhoneSimulator.ActiveCfg = Debug|iPhoneSimulator
		{1F054C7E-8522-4192-AF4E-65BE9D8E61BF}.Debug|iPhoneSimulator.Build.0 = Debug|iPhoneSimulator
		{1F054C7E-8522-4192-AF4E-65BE9D8E61BF}.Debug|x64.ActiveCfg = Debug|iPhone
		{1F054C7E-8522-4192-AF4E-65BE9D8E61BF}.Debug|x86.ActiveCfg = Debug|iPhone
		{1F054C7E-8522-4192-AF4E-65BE9D8E61BF}.Release|Any CPU.ActiveCfg = Release|iPhoneSimulator
		{1F054C7E-8522-4192-AF4E-65BE9D8E61BF}.Release|ARM.ActiveCfg = Release|iPhone
		{1F054C7E-8522-4192-AF4E-65BE9D8E61BF}.Release|iPhone.ActiveCfg = Release|iPhone
		{1F054C7E-8522-4192-AF4E-65BE9D8E61BF}.Release|iPhone.Build.0 = Release|iPhone
		{1F054C7E-8522-4192-AF4E-65BE9D8E61BF}.Release|iPhoneSimulator.ActiveCfg = Release|iPhoneSimulator
		{1F054C7E-8522-4192-AF4E-65BE9D8E61BF}.Release|iPhoneSimulator.Build.0 = Release|iPhoneSimulator
		{1F054C7E-8522-4192-AF4E-65BE9D8E61BF}.Release|x64.ActiveCfg = Release|iPhone
		{1F054C7E-8522-4192-AF4E-65BE9D8E61BF}.Release|x86.ActiveCfg = Release|iPhone
	EndGlobalSection
	GlobalSection(SolutionProperties) = preSolution
		HideSolutionNode = FALSE
	EndGlobalSection
	GlobalSection(ExtensibilityGlobals) = postSolution
		SolutionGuid = {C5723057-E4F2-454E-BF53-EE7445C1F718}
	EndGlobalSection
EndGlobal
